
Microsoft Visual Studio Solution File, Format Version 12.00
# Visual Studio Version 16
VisualStudioVersion = 16.0.29519.87
MinimumVisualStudioVersion = 10.0.40219.1
Project("{FAE04EC0-301F-11D3-BF4B-00C04F79EFBC}") = "KeyKeeper", "KeyKeeper.csproj", "{2243D980-E24D-478E-99F7-11C6027BF796}"
EndProject
Project("{FAE04EC0-301F-11D3-BF4B-00C04F79EFBC}") = "KeyKeeperTest", "..\KeyKeeperTest\KeyKeeperTest.csproj", "{EF593B17-BA4C-414B-8D2A-E0DB0A6F14F4}"
EndProject
Project("{54435603-DBB4-11D2-8724-00A0C9A8B90C}") = "Setup1", "..\Setup1\Setup1.vdproj", "{B7E03453-1A41-4A3C-A1B3-4460B7C93589}"
EndProject
Global
	GlobalSection(SolutionConfigurationPlatforms) = preSolution
		Debug|Any CPU = Debug|Any CPU
		Release|Any CPU = Release|Any CPU
	EndGlobalSection
	GlobalSection(ProjectConfigurationPlatforms) = postSolution
		{2243D980-E24D-478E-99F7-11C6027BF796}.Debug|Any CPU.ActiveCfg = Debug|Any CPU
		{2243D980-E24D-478E-99F7-11C6027BF796}.Debug|Any CPU.Build.0 = Debug|Any CPU
		{2243D980-E24D-478E-99F7-11C6027BF796}.Release|Any CPU.ActiveCfg = Release|Any CPU
		{2243D980-E24D-478E-99F7-11C6027BF796}.Release|Any CPU.Build.0 = Release|Any CPU
		{EF593B17-BA4C-414B-8D2A-E0DB0A6F14F4}.Debug|Any CPU.ActiveCfg = Debug|Any CPU
		{EF593B17-BA4C-414B-8D2A-E0DB0A6F14F4}.Debug|Any CPU.Build.0 = Debug|Any CPU
		{EF593B17-BA4C-414B-8D2A-E0DB0A6F14F4}.Release|Any CPU.ActiveCfg = Release|Any CPU
		{EF593B17-BA4C-414B-8D2A-E0DB0A6F14F4}.Release|Any CPU.Build.0 = Release|Any CPU
		{B7E03453-1A41-4A3C-A1B3-4460B7C93589}.Debug|Any CPU.ActiveCfg = Debug
		{B7E03453-1A41-4A3C-A1B3-4460B7C93589}.Release|Any CPU.ActiveCfg = Release
	EndGlobalSection
	GlobalSection(SolutionProperties) = preSolution
		HideSolutionNode = FALSE
	EndGlobalSection
	GlobalSection(ExtensibilityGlobals) = postSolution
		SolutionGuid = {C56D5382-D74E-4175-8420-9368972E6193}
	EndGlobalSection
EndGlobal
